// !$*UTF8*$!
{
	archiveVersion = 1;
	classes = {
	};
	objectVersion = 77;
	objects = {

/* Begin PBXContainerItemProxy section */
		2E462D892F4FBDF9006335EB /* PBXContainerItemProxy */ = {
			isa = PBXContainerItemProxy;
			containerPortal = 2E462D6F2F4FBDF6006335EB /* Project object */;
			proxyType = 1;
			remoteGlobalIDString = 2E462D762F4FBDF6006335EB;
			remoteInfo = FooDay;
		};
		2E462D932F4FBDF9006335EB /* PBXContainerItemProxy */ = {
			isa = PBXContainerItemProxy;
			containerPortal = 2E462D6F2F4FBDF6006335EB /* Project object */;
			proxyType = 1;
			remoteGlobalIDString = 2E462D762F4FBDF6006335EB;
			remoteInfo = FooDay;
		};
/* End PBXContainerItemProxy section */

/* Begin PBXFileReference section */
		2E462D772F4FBDF6006335EB /* FooDay.app */ = {isa = PBXFileReference; explicitFileType = wrapper.application; includeInIndex = 0; path = FooDay.app; sourceTree = BUILT_PRODUCTS_DIR; };
		2E462D882F4FBDF9006335EB /* FooDayTests.xctest */ = {isa = PBXFileReference; explicitFileType = wrapper.cfbundle; includeInIndex = 0; path = FooDayTests.xctest; sourceTree = BUILT_PRODUCTS_DIR; };
		2E462D922F4FBDF9006335EB /* FooDayUITests.xctest */ = {isa = PBXFileReference; explicitFileType = wrapper.cfbundle; includeInIndex = 0; path = FooDayUITests.xctest; sourceTree = BUILT_PRODUCTS_DIR; };
/* End PBXFileReference section */

/* Begin PBXFileSystemSynchronizedBuildFileExceptionSet section */
		2E462D9A2F4FBDF9006335EB /* Exceptions for "FooDay" folder in "FooDay" target */ = {
			isa = PBXFileSystemSynchronizedBuildFileExceptionSet;
			membershipExceptions = (
				Info.plist,
			);
			target = 2E462D762F4FBDF6006335EB /* FooDay */;
		};
		2E462DD72F4FBE6A006335EB /* Exceptions for "FooDay" folder in "FooDayTests" target */ = {
			isa = PBXFileSystemSynchronizedBuildFileExceptionSet;
			membershipExceptions = (
				AdminViews.swift,
				AppViewModel.swift,
				AuthView.swift,
				CartView.swift,
				HomeView.swift,
				MockDataService.swift,
				Models.swift,
				OrdersView.swift,
				ProfileView.swift,
				QuickBiteApp.swift,
				RestaurantDetailView.swift,
				XCODE_SETUP.md,
			);
			target = 2E462D872F4FBDF9006335EB /* FooDayTests */;
		};
		2E462DD82F4FBE6A006335EB /* Exceptions for "FooDay" folder in "FooDayUITests" target */ = {
			isa = PBXFileSystemSynchronizedBuildFileExceptionSet;
			membershipExceptions = (
				AdminViews.swift,
				AppViewModel.swift,
				AuthView.swift,
				CartView.swift,
				HomeView.swift,
				MockDataService.swift,
				Models.swift,
				OrdersView.swift,
				ProfileView.swift,
				QuickBiteApp.swift,
				RestaurantDetailView.swift,
				XCODE_SETUP.md,
			);
			target = 2E462D912F4FBDF9006335EB /* FooDayUITests */;
		};
/* End PBXFileSystemSynchronizedBuildFileExceptionSet section */

/* Begin PBXFileSystemSynchronizedRootGroup section */
		2E462D792F4FBDF6006335EB /* FooDay */ = {
			isa = PBXFileSystemSynchronizedRootGroup;
			exceptions = (
				2E462D9A2F4FBDF9006335EB /* Exceptions for "FooDay" folder in "FooDay" target */,
				2E462DD72F4FBE6A006335EB /* Exceptions for "FooDay" folder in "FooDayTests" target */,
				2E462DD82F4FBE6A006335EB /* Exceptions for "FooDay" folder in "FooDayUITests" target */,
			);
			path = FooDay;
			sourceTree = "<group>";
		};
		2E462D8B2F4FBDF9006335EB /* FooDayTests */ = {
			isa = PBXFileSystemSynchronizedRootGroup;
			path = FooDayTests;
			sourceTree = "<group>";
		};
		2E462D952F4FBDF9006335EB /* FooDayUITests */ = {
			isa = PBXFileSystemSynchronizedRootGroup;
			path = FooDayUITests;
			sourceTree = "<group>";
		};
/* End PBXFileSystemSynchronizedRootGroup section */

/* Begin PBXFrameworksBuildPhase section */
		2E462D742F4FBDF6006335EB /* Frameworks */ = {
			isa = PBXFrameworksBuildPhase;
			buildActionMask = 2147483647;
			files = (
			);
			runOnlyForDeploymentPostprocessing = 0;
		};
		2E462D852F4FBDF9006335EB /* Frameworks */ = {
			isa = PBXFrameworksBuildPhase;
			buildActionMask = 2147483647;
			files = (
			);
			runOnlyForDeploymentPostprocessing = 0;
		};
		2E462D8F2F4FBDF9006335EB /* Frameworks */ = {
			isa = PBXFrameworksBuildPhase;
			buildActionMask = 2147483647;
			files = (
			);
			runOnlyForDeploymentPostprocessing = 0;
		};
/* End PBXFrameworksBuildPhase section */

/* Begin PBXGroup section */
		2E462D6E2F4FBDF6006335EB = {
			isa = PBXGroup;
			children = (
				2E462D792F4FBDF6006335EB /* FooDay */,
				2E462D8B2F4FBDF9006335EB /* FooDayTests */,
				2E462D952F4FBDF9006335EB /* FooDayUITests */,
				2E462D782F4FBDF6006335EB /* Products */,
			);
			sourceTree = "<group>";
		};
		2E462D782F4FBDF6006335EB /* Products */ = {
			isa = PBXGroup;
			children = (
				2E462D772F4FBDF6006335EB /* FooDay.app */,
				2E462D882F4FBDF9006335EB /* FooDayTests.xctest */,
				2E462D922F4FBDF9006335EB /* FooDayUITests.xctest */,
			);
			name = Products;
			sourceTree = "<group>";
		};
/* End PBXGroup section */

/* Begin PBXNativeTarget section */
		2E462D762F4FBDF6006335EB /* FooDay */ = {
			isa = PBXNativeTarget;
			buildConfigurationList = 2E462D9B2F4FBDF9006335EB /* Build configuration list for PBXNativeTarget "FooDay" */;
			buildPhases = (
				2E462D732F4FBDF6006335EB /* Sources */,
				2E462D742F4FBDF6006335EB /* Frameworks */,
				2E462D752F4FBDF6006335EB /* Resources */,
			);
			buildRules = (
			);
			dependencies = (
			);
			fileSystemSynchronizedGroups = (
				2E462D792F4FBDF6006335EB /* FooDay */,
			);
			name = FooDay;
			packageProductDependencies = (
			);
			productName = FooDay;
			productReference = 2E462D772F4FBDF6006335EB /* FooDay.app */;
			productType = "com.apple.product-type.application";
		};
		2E462D872F4FBDF9006335EB /* FooDayTests */ = {
			isa = PBXNativeTarget;
			buildConfigurationList = 2E462DA02F4FBDF9006335EB /* Build configuration list for PBXNativeTarget "FooDayTests" */;
			buildPhases = (
				2E462D842F4FBDF9006335EB /* Sources */,
				2E462D852F4FBDF9006335EB /* Frameworks */,
				2E462D862F4FBDF9006335EB /* Resources */,
			);
			buildRules = (
			);
			dependencies = (
				2E462D8A2F4FBDF9006335EB /* PBXTargetDependency */,
			);
			fileSystemSynchronizedGroups = (
				2E462D8B2F4FBDF9006335EB /* FooDayTests */,
			);
			name = FooDayTests;
			packageProductDependencies = (
			);
			productName = FooDayTests;
			productReference = 2E462D882F4FBDF9006335EB /* FooDayTests.xctest */;
			productType = "com.apple.product-type.bundle.unit-test";
		};
		2E462D912F4FBDF9006335EB /* FooDayUITests */ = {
			isa = PBXNativeTarget;
			buildConfigurationList = 2E462DA32F4FBDF9006335EB /* Build configuration list for PBXNativeTarget "FooDayUITests" */;
			buildPhases = (
				2E462D8E2F4FBDF9006335EB /* Sources */,
				2E462D8F2F4FBDF9006335EB /* Frameworks */,
				2E462D902F4FBDF9006335EB /* Resources */,
			);
			buildRules = (
			);
			dependencies = (
				2E462D942F4FBDF9006335EB /* PBXTargetDependency */,
			);
			fileSystemSynchronizedGroups = (
				2E462D952F4FBDF9006335EB /* FooDayUITests */,
			);
			name = FooDayUITests;
			packageProductDependencies = (
			);
			productName = FooDayUITests;
			productReference = 2E462D922F4FBDF9006335EB /* FooDayUITests.xctest */;
			productType = "com.apple.product-type.bundle.ui-testing";
		};
/* End PBXNativeTarget section */

/* Begin PBXProject section */
		2E462D6F2F4FBDF6006335EB /* Project object */ = {
			isa = PBXProject;
			attributes = {
				BuildIndependentTargetsInParallel = 1;
				LastSwiftUpdateCheck = 2620;
				LastUpgradeCheck = 2620;
				TargetAttributes = {
					2E462D762F4FBDF6006335EB = {
						CreatedOnToolsVersion = 26.2;
					};
					2E462D872F4FBDF9006335EB = {
						CreatedOnToolsVersion = 26.2;
						TestTargetID = 2E462D762F4FBDF6006335EB;
					};
					2E462D912F4FBDF9006335EB = {
						CreatedOnToolsVersion = 26.2;
						TestTargetID = 2E462D762F4FBDF6006335EB;
					};
				};
			};
			buildConfigurationList = 2E462D722F4FBDF6006335EB /* Build configuration list for PBXProject "FooDay" */;
			developmentRegion = en;
			hasScannedForEncodings = 0;
			knownRegions = (
				en,
				Base,
			);
			mainGroup = 2E462D6E2F4FBDF6006335EB;
			minimizedProjectReferenceProxies = 1;
			preferredProjectObjectVersion = 77;
			productRefGroup = 2E462D782F4FBDF6006335EB /* Products */;
			projectDirPath = "";
			projectRoot = "";
			targets = (
				2E462D762F4FBDF6006335EB /* FooDay */,
				2E462D872F4FBDF9006335EB /* FooDayTests */,
				2E462D912F4FBDF9006335EB /* FooDayUITests */,
			);
		};
/* End PBXProject section */

/* Begin PBXResourcesBuildPhase section */
		2E462D752F4FBDF6006335EB /* Resources */ = {
			isa = PBXResourcesBuildPhase;
			buildActionMask = 2147483647;
			files = (
			);
			runOnlyForDeploymentPostprocessing = 0;
		};
		2E462D862F4FBDF9006335EB /* Resources */ = {
			isa = PBXResourcesBuildPhase;
			buildActionMask = 2147483647;
			files = (
			);
			runOnlyForDeploymentPostprocessing = 0;
		};
		2E462D902F4FBDF9006335EB /* Resources */ = {
			isa = PBXResourcesBuildPhase;
			buildActionMask = 2147483647;
			files = (
			);
			runOnlyForDeploymentPostprocessing = 0;
		};
/* End PBXResourcesBuildPhase section */

/* Begin PBXSourcesBuildPhase section */
		2E462D732F4FBDF6006335EB /* Sources */ = {
			isa = PBXSourcesBuildPhase;
			buildActionMask = 2147483647;
			files = (
			);
			runOnlyForDeploymentPostprocessing = 0;
		};
		2E462D842F4FBDF9006335EB /* Sources */ = {
			isa = PBXSourcesBuildPhase;
			buildActionMask = 2147483647;
			files = (
			);
			runOnlyForDeploymentPostprocessing = 0;
		};
		2E462D8E2F4FBDF9006335EB /* Sources */ = {
			isa = PBXSourcesBuildPhase;
			buildActionMask = 2147483647;
			files = (
			);
			runOnlyForDeploymentPostprocessing = 0;
		};
/* End PBXSourcesBuildPhase section */

/* Begin PBXTargetDependency section */
		2E462D8A2F4FBDF9006335EB /* PBXTargetDependency */ = {
			isa = PBXTargetDependency;
			target = 2E462D762F4FBDF6006335EB /* FooDay */;
			targetProxy = 2E462D892F4FBDF9006335EB /* PBXContainerItemProxy */;
		};
		2E462D942F4FBDF9006335EB /* PBXTargetDependency */ = {
			isa = PBXTargetDependency;
			target = 2E462D762F4FBDF6006335EB /* FooDay */;
			targetProxy = 2E462D932F4FBDF9006335EB /* PBXContainerItemProxy */;
		};
/* End PBXTargetDependency section */

/* Begin XCBuildConfiguration section */
		2E462D9C2F4FBDF9006335EB /* Debug */ = {
			isa = XCBuildConfiguration;
			buildSettings = {
				ASSETCATALOG_COMPILER_APPICON_NAME = AppIcon;
				ASSETCATALOG_COMPILER_GLOBAL_ACCENT_COLOR_NAME = AccentColor;
				CODE_SIGN_ENTITLEMENTS = FooDay/FooDay.entitlements;
				CODE_SIGN_STYLE = Automatic;
				CURRENT_PROJECT_VERSION = 1;
				DEVELOPMENT_TEAM = 43KN2BGCBM;
				ENABLE_PREVIEWS = YES;
				GENERATE_INFOPLIST_FILE = YES;
				INFOPLIST_FILE = FooDay/Info.plist;
				INFOPLIST_KEY_UIApplicationSceneManifest_Generation = YES;
				INFOPLIST_KEY_UIApplicationSupportsIndirectInputEvents = YES;
				INFOPLIST_KEY_UILaunchScreen_Generation = YES;
				INFOPLIST_KEY_UISupportedInterfaceOrientations_iPad = "UIInterfaceOrientationPortrait UIInterfaceOrientationPortraitUpsideDown UIInterfaceOrientationLandscapeLeft UIInterfaceOrientationLandscapeRight";
				INFOPLIST_KEY_UISupportedInterfaceOrientations_iPhone = "UIInterfaceOrientationPortrait UIInterfaceOrientationLandscapeLeft UIInterfaceOrientationLandscapeRight";
				LD_RUNPATH_SEARCH_PATHS = (
					"$(inherited)",
					"@executable_path/Frameworks",
				);
				MARKETING_VERSION = 1.0;
				PRODUCT_BUNDLE_IDENTIFIER = "-VisionStudio.FooDay";
				PRODUCT_NAME = "$(TARGET_NAME)";
				STRING_CATALOG_GENERATE_SYMBOLS = YES;
				SWIFT_APPROACHABLE_CONCURRENCY = YES;
				SWIFT_DEFAULT_ACTOR_ISOLATION = MainActor;
				SWIFT_EMIT_LOC_STRINGS = YES;
				SWIFT_UPCOMING_FEATURE_MEMBER_IMPORT_VISIBILITY = YES;
				SWIFT_VERSION = 5.0;
				TARGETED_DEVICE_FAMILY = "1,2";
			};
			name = Debug;
		};
		2E462D9D2F4FBDF9006335EB /* Release */ = {
			isa = XCBuildConfiguration;
			buildSettings = {
				ASSETCATALOG_COMPILER_APPICON_NAME = AppIcon;
				ASSETCATALOG_COMPILER_GLOBAL_ACCENT_COLOR_NAME = AccentColor;
				CODE_SIGN_ENTITLEMENTS = FooDay/FooDay.entitlements;
				CODE_SIGN_STYLE = Automatic;
				CURRENT_PROJECT_VERSION = 1;
				DEVELOPMENT_TEAM = 43KN2BGCBM;
				ENABLE_PREVIEWS = YES;
				GENERATE_INFOPLIST_FILE = YES;
				INFOPLIST_FILE = FooDay/Info.plist;
				INFOPLIST_KEY_UIApplicationSceneManifest_Generation = YES;
				INFOPLIST_KEY_UIApplicationSupportsIndirectInputEvents = YES;
				INFOPLIST_KEY_UILaunchScreen_Generation = YES;
				INFOPLIST_KEY_UISupportedInterfaceOrientations_iPad = "UIInterfaceOrientationPortrait UIInterfaceOrientationPortraitUpsideDown UIInterfaceOrientationLandscapeLeft UIInterfaceOrientationLandscapeRight";
				INFOPLIST_KEY_UISupportedInterfaceOrientations_iPhone = "UIInterfaceOrientationPortrait UIInterfaceOrientationLandscapeLeft UIInterfaceOrientationLandscapeRight";
				LD_RUNPATH_SEARCH_PATHS = (
					"$(inherited)",
					"@executable_path/Frameworks",
				);
				MARKETING_VERSION = 1.0;
				PRODUCT_BUNDLE_IDENTIFIER = "-VisionStudio.FooDay";
				PRODUCT_NAME = "$(TARGET_NAME)";
				STRING_CATALOG_GENERATE_SYMBOLS = YES;
				SWIFT_APPROACHABLE_CONCURRENCY = YES;
				SWIFT_DEFAULT_ACTOR_ISOLATION = MainActor;
				SWIFT_EMIT_LOC_STRINGS = YES;
				SWIFT_UPCOMING_FEATURE_MEMBER_IMPORT_VISIBILITY = YES;
				SWIFT_VERSION = 5.0;
				TARGETED_DEVICE_FAMILY = "1,2";
			};
			name = Release;
		};
		2E462D9E2F4FBDF9006335EB /* Debug */ = {
			isa = XCBuildConfiguration;
			buildSettings = {
				ALWAYS_SEARCH_USER_PATHS = NO;
				ASSETCATALOG_COMPILER_GENERATE_SWIFT_ASSET_SYMBOL_EXTENSIONS = YES;
				CLANG_ANALYZER_NONNULL = YES;
				CLANG_ANALYZER_NUMBER_OBJECT_CONVERSION = YES_AGGRESSIVE;
				CLANG_CXX_LANGUAGE_STANDARD = "gnu++20";
				CLANG_ENABLE_MODULES = YES;
				CLANG_ENABLE_OBJC_ARC = YES;
				CLANG_ENABLE_OBJC_WEAK = YES;
				CLANG_WARN_BLOCK_CAPTURE_AUTORELEASING = YES;
				CLANG_WARN_BOOL_CONVERSION = YES;
				CLANG_WARN_COMMA = YES;
				CLANG_WARN_CONSTANT_CONVERSION = YES;
				CLANG_WARN_DEPRECATED_OBJC_IMPLEMENTATIONS = YES;
				CLANG_WARN_DIRECT_OBJC_ISA_USAGE = YES_ERROR;
				CLANG_WARN_DOCUMENTATION_COMMENTS = YES;
				CLANG_WARN_EMPTY_BODY = YES;
				CLANG_WARN_ENUM_CONVERSION = YES;
				CLANG_WARN_INFINITE_RECURSION = YES;
				CLANG_WARN_INT_CONVERSION = YES;
				CLANG_WARN_NON_LITERAL_NULL_CONVERSION = YES;
				CLANG_WARN_OBJC_IMPLICIT_RETAIN_SELF = YES;
				CLANG_WARN_OBJC_LITERAL_CONVERSION = YES;
				CLANG_WARN_OBJC_ROOT_CLASS = YES_ERROR;
				CLANG_WARN_QUOTED_INCLUDE_IN_FRAMEWORK_HEADER = YES;
				CLANG_WARN_RANGE_LOOP_ANALYSIS = YES;
				CLANG_WARN_STRICT_PROTOTYPES = YES;
				CLANG_WARN_SUSPICIOUS_MOVE = YES;
				CLANG_WARN_UNGUARDED_AVAILABILITY = YES_AGGRESSIVE;
				CLANG_WARN_UNREACHABLE_CODE = YES;
				CLANG_WARN__DUPLICATE_METHOD_MATCH = YES;
				COPY_PHASE_STRIP = NO;
				DEBUG_INFORMATION_FORMAT = dwarf;
				DEVELOPMENT_TEAM = 43KN2BGCBM;
				ENABLE_STRICT_OBJC_MSGSEND = YES;
				ENABLE_TESTABILITY = YES;
				ENABLE_USER_SCRIPT_SANDBOXING = YES;
				GCC_C_LANGUAGE_STANDARD = gnu17;
				GCC_DYNAMIC_NO_PIC = NO;
				GCC_NO_COMMON_BLOCKS = YES;
				GCC_OPTIMIZATION_LEVEL = 0;
				GCC_PREPROCESSOR_DEFINITIONS = (
					"DEBUG=1",
					"$(inherited)",
				);
				GCC_WARN_64_TO_32_BIT_CONVERSION = YES;
				GCC_WARN_ABOUT_RETURN_TYPE = YES_ERROR;
				GCC_WARN_UNDECLARED_SELECTOR = YES;
				GCC_WARN_UNINITIALIZED_AUTOS = YES_AGGRESSIVE;
				GCC_WARN_UNUSED_FUNCTION = YES;
				GCC_WARN_UNUSED_VARIABLE = YES;
				IPHONEOS_DEPLOYMENT_TARGET = 26.2;
				LOCALIZATION_PREFERS_STRING_CATALOGS = YES;
				MTL_ENABLE_DEBUG_INFO = INCLUDE_SOURCE;
				MTL_FAST_MATH = YES;
				ONLY_ACTIVE_ARCH = YES;
				SDKROOT = iphoneos;
				SWIFT_ACTIVE_COMPILATION_CONDITIONS = "DEBUG $(inherited)";
				SWIFT_OPTIMIZATION_LEVEL = "-Onone";
			};
			name = Debug;
		};
		2E462D9F2F4FBDF9006335EB /* Release */ = {
			isa = XCBuildConfiguration;
			buildSettings = {
				ALWAYS_SEARCH_USER_PATHS = NO;
				ASSETCATALOG_COMPILER_GENERATE_SWIFT_ASSET_SYMBOL_EXTENSIONS = YES;
				CLANG_ANALYZER_NONNULL = YES;
				CLANG_ANALYZER_NUMBER_OBJECT_CONVERSION = YES_AGGRESSIVE;
				CLANG_CXX_LANGUAGE_STANDARD = "gnu++20";
				CLANG_ENABLE_MODULES = YES;
				CLANG_ENABLE_OBJC_ARC = YES;
				CLANG_ENABLE_OBJC_WEAK = YES;
				CLANG_WARN_BLOCK_CAPTURE_AUTORELEASING = YES;
				CLANG_WARN_BOOL_CONVERSION = YES;
				CLANG_WARN_COMMA = YES;
				CLANG_WARN_CONSTANT_CONVERSION = YES;
				CLANG_WARN_DEPRECATED_OBJC_IMPLEMENTATIONS = YES;
				CLANG_WARN_DIRECT_OBJC_ISA_USAGE = YES_ERROR;
				CLANG_WARN_DOCUMENTATION_COMMENTS = YES;
				CLANG_WARN_EMPTY_BODY = YES;
				CLANG_WARN_ENUM_CONVERSION = YES;
				CLANG_WARN_INFINITE_RECURSION = YES;
				CLANG_WARN_INT_CONVERSION = YES;
				CLANG_WARN_NON_LITERAL_NULL_CONVERSION = YES;
				CLANG_WARN_OBJC_IMPLICIT_RETAIN_SELF = YES;
				CLANG_WARN_OBJC_LITERAL_CONVERSION = YES;
				CLANG_WARN_OBJC_ROOT_CLASS = YES_ERROR;
				CLANG_WARN_QUOTED_INCLUDE_IN_FRAMEWORK_HEADER = YES;
				CLANG_WARN_RANGE_LOOP_ANALYSIS = YES;
				CLANG_WARN_STRICT_PROTOTYPES = YES;
				CLANG_WARN_SUSPICIOUS_MOVE = YES;
				CLANG_WARN_UNGUARDED_AVAILABILITY = YES_AGGRESSIVE;
				CLANG_WARN_UNREACHABLE_CODE = YES;
				CLANG_WARN__DUPLICATE_METHOD_MATCH = YES;
				COPY_PHASE_STRIP = NO;
				DEBUG_INFORMATION_FORMAT = "dwarf-with-dsym";
				DEVELOPMENT_TEAM = 43KN2BGCBM;
				ENABLE_NS_ASSERTIONS = NO;
				ENABLE_STRICT_OBJC_MSGSEND = YES;
				ENABLE_USER_SCRIPT_SANDBOXING = YES;
				GCC_C_LANGUAGE_STANDARD = gnu17;
				GCC_NO_COMMON_BLOCKS = YES;
				GCC_WARN_64_TO_32_BIT_CONVERSION = YES;
				GCC_WARN_ABOUT_RETURN_TYPE = YES_ERROR;
				GCC_WARN_UNDECLARED_SELECTOR = YES;
				GCC_WARN_UNINITIALIZED_AUTOS = YES_AGGRESSIVE;
				GCC_WARN_UNUSED_FUNCTION = YES;
				GCC_WARN_UNUSED_VARIABLE = YES;
				IPHONEOS_DEPLOYMENT_TARGET = 26.2;
				LOCALIZATION_PREFERS_STRING_CATALOGS = YES;
				MTL_ENABLE_DEBUG_INFO = NO;
				MTL_FAST_MATH = YES;
				SDKROOT = iphoneos;
				SWIFT_COMPILATION_MODE = wholemodule;
				VALIDATE_PRODUCT = YES;
			};
			name = Release;
		};
		2E462DA12F4FBDF9006335EB /* Debug */ = {
			isa = XCBuildConfiguration;
			buildSettings = {
				BUNDLE_LOADER = "$(TEST_HOST)";
				CODE_SIGN_STYLE = Automatic;
				CURRENT_PROJECT_VERSION = 1;
				DEVELOPMENT_TEAM = 43KN2BGCBM;
				GENERATE_INFOPLIST_FILE = YES;
				IPHONEOS_DEPLOYMENT_TARGET = 26.2;
				MARKETING_VERSION = 1.0;
				PRODUCT_BUNDLE_IDENTIFIER = "-VisionStudio.FooDayTests";
				PRODUCT_NAME = "$(TARGET_NAME)";
				STRING_CATALOG_GENERATE_SYMBOLS = NO;
				SWIFT_APPROACHABLE_CONCURRENCY = YES;
				SWIFT_EMIT_LOC_STRINGS = NO;
				SWIFT_UPCOMING_FEATURE_MEMBER_IMPORT_VISIBILITY = YES;
				SWIFT_VERSION = 5.0;
				TARGETED_DEVICE_FAMILY = "1,2";
				TEST_HOST = "$(BUILT_PRODUCTS_DIR)/FooDay.app/$(BUNDLE_EXECUTABLE_FOLDER_PATH)/FooDay";
			};
			name = Debug;
		};
		2E462DA22F4FBDF9006335EB /* Release */ = {
			isa = XCBuildConfiguration;
			buildSettings = {
				BUNDLE_LOADER = "$(TEST_HOST)";
				CODE_SIGN_STYLE = Automatic;
				CURRENT_PROJECT_VERSION = 1;
				DEVELOPMENT_TEAM = 43KN2BGCBM;
				GENERATE_INFOPLIST_FILE = YES;
				IPHONEOS_DEPLOYMENT_TARGET = 26.2;
				MARKETING_VERSION = 1.0;
				PRODUCT_BUNDLE_IDENTIFIER = "-VisionStudio.FooDayTests";
				PRODUCT_NAME = "$(TARGET_NAME)";
				STRING_CATALOG_GENERATE_SYMBOLS = NO;
				SWIFT_APPROACHABLE_CONCURRENCY = YES;
				SWIFT_EMIT_LOC_STRINGS = NO;
				SWIFT_UPCOMING_FEATURE_MEMBER_IMPORT_VISIBILITY = YES;
				SWIFT_VERSION = 5.0;
				TARGETED_DEVICE_FAMILY = "1,2";
				TEST_HOST = "$(BUILT_PRODUCTS_DIR)/FooDay.app/$(BUNDLE_EXECUTABLE_FOLDER_PATH)/FooDay";
			};
			name = Release;
		};
		2E462DA42F4FBDF9006335EB /* Debug */ = {
			isa = XCBuildConfiguration;
			buildSettings = {
				CODE_SIGN_STYLE = Automatic;
				CURRENT_PROJECT_VERSION = 1;
				DEVELOPMENT_TEAM = 43KN2BGCBM;
				GENERATE_INFOPLIST_FILE = YES;
				MARKETING_VERSION = 1.0;
				PRODUCT_BUNDLE_IDENTIFIER = "-VisionStudio.FooDayUITests";
				PRODUCT_NAME = "$(TARGET_NAME)";
				STRING_CATALOG_GENERATE_SYMBOLS = NO;
				SWIFT_APPROACHABLE_CONCURRENCY = YES;
				SWIFT_EMIT_LOC_STRINGS = NO;
				SWIFT_UPCOMING_FEATURE_MEMBER_IMPORT_VISIBILITY = YES;
				SWIFT_VERSION = 5.0;
				TARGETED_DEVICE_FAMILY = "1,2";
				TEST_TARGET_NAME = FooDay;
			};
			name = Debug;
		};
		2E462DA52F4FBDF9006335EB /* Release */ = {
			isa = XCBuildConfiguration;
			buildSettings = {
				CODE_SIGN_STYLE = Automatic;
				CURRENT_PROJECT_VERSION = 1;
				DEVELOPMENT_TEAM = 43KN2BGCBM;
				GENERATE_INFOPLIST_FILE = YES;
				MARKETING_VERSION = 1.0;
				PRODUCT_BUNDLE_IDENTIFIER = "-VisionStudio.FooDayUITests";
				PRODUCT_NAME = "$(TARGET_NAME)";
				STRING_CATALOG_GENERATE_SYMBOLS = NO;
				SWIFT_APPROACHABLE_CONCURRENCY = YES;
				SWIFT_EMIT_LOC_STRINGS = NO;
				SWIFT_UPCOMING_FEATURE_MEMBER_IMPORT_VISIBILITY = YES;
				SWIFT_VERSION = 5.0;
				TARGETED_DEVICE_FAMILY = "1,2";
				TEST_TARGET_NAME = FooDay;
			};
			name = Release;
		};
/* End XCBuildConfiguration section */

/* Begin XCConfigurationList section */
		2E462D722F4FBDF6006335EB /* Build configuration list for PBXProject "FooDay" */ = {
			isa = XCConfigurationList;
			buildConfigurations = (
				2E462D9E2F4FBDF9006335EB /* Debug */,
				2E462D9F2F4FBDF9006335EB /* Release */,
			);
			defaultConfigurationIsVisible = 0;
			defaultConfigurationName = Release;
		};
		2E462D9B2F4FBDF9006335EB /* Build configuration list for PBXNativeTarget "FooDay" */ = {
			isa = XCConfigurationList;
			buildConfigurations = (
				2E462D9C2F4FBDF9006335EB /* Debug */,
				2E462D9D2F4FBDF9006335EB /* Release */,
			);
			defaultConfigurationIsVisible = 0;
			defaultConfigurationName = Release;
		};
		2E462DA02F4FBDF9006335EB /* Build configuration list for PBXNativeTarget "FooDayTests" */ = {
			isa = XCConfigurationList;
			buildConfigurations = (
				2E462DA12F4FBDF9006335EB /* Debug */,
				2E462DA22F4FBDF9006335EB /* Release */,
			);
			defaultConfigurationIsVisible = 0;
			defaultConfigurationName = Release;
		};
		2E462DA32F4FBDF9006335EB /* Build configuration list for PBXNativeTarget "FooDayUITests" */ = {
			isa = XCConfigurationList;
			buildConfigurations = (
				2E462DA42F4FBDF9006335EB /* Debug */,
				2E462DA52F4FBDF9006335EB /* Release */,
			);
			defaultConfigurationIsVisible = 0;
			defaultConfigurationName = Release;
		};
/* End XCConfigurationList section */
	};
	rootObject = 2E462D6F2F4FBDF6006335EB /* Project object */;
}
